{
  "name": "cirvix",
  "version": "0.1.4",
  "lockfileVersion": 3,
  "requires": true,
  "packages": {
    "": {
      "name": "cirvix",
      "version": "0.1.4",
      "license": "Apache-2.0",
      "workspaces": [
        "packages/agent-control"
      ],
      "engines": {
        "node": ">=20"
      }
    },
    "node_modules/@cirvix_ai/agent-control": {
      "resolved": "packages/agent-control",
      "link": true
    },
    "packages/agent-control": {
      "name": "@cirvix_ai/agent-control",
      "version": "0.1.4",
      "license": "Apache-2.0",
      "bin": {
        "cirvix": "bin/cirvix.mjs"
      },
      "engines": {
        "node": ">=20"
      }
    }
  }
}
